// !$*UTF8*$!
{
	archiveVersion = 1;
	classes = {
	};
	objectVersion = 56;
	objects = {

/* Begin PBXBuildFile section */
		3A29CCB12A8B948000CCD188 /* CreateVC.swift in Sources */ = {isa = PBXBuildFile; fileRef = 3A29CCB02A8B948000CCD188 /* CreateVC.swift */; };
		3A2BE5DD2A927E2F00303014 /* BasicInfoVC.swift in Sources */ = {isa = PBXBuildFile; fileRef = 3A2BE5DC2A927E2F00303014 /* BasicInfoVC.swift */; };
		3A2BE5DF2A92845400303014 /* ContactDataVC.swift in Sources */ = {isa = PBXBuildFile; fileRef = 3A2BE5DE2A92845400303014 /* ContactDataVC.swift */; };
		3A2BE5E42A92874100303014 /* CreateClientTemplateCell.swift in Sources */ = {isa = PBXBuildFile; fileRef = 3A2BE5E22A92874100303014 /* CreateClientTemplateCell.swift */; };
		3A2BE5E52A92874100303014 /* CreateClientTemplateCell.xib in Resources */ = {isa = PBXBuildFile; fileRef = 3A2BE5E32A92874100303014 /* CreateClientTemplateCell.xib */; };
		3A2BE5E72A92E6E700303014 /* Task.storyboard in Resources */ = {isa = PBXBuildFile; fileRef = 3A2BE5E62A92E6E700303014 /* Task.storyboard */; };
		3A2BE5EA2A92F22C00303014 /* CreateNotesVC.swift in Sources */ = {isa = PBXBuildFile; fileRef = 3A2BE5E92A92F22C00303014 /* CreateNotesVC.swift */; };
		3A2BE5EE2A92F47000303014 /* CreateNotesCell.swift in Sources */ = {isa = PBXBuildFile; fileRef = 3A2BE5EC2A92F47000303014 /* CreateNotesCell.swift */; };
		3A2BE5EF2A92F47000303014 /* CreateNotesCell.xib in Resources */ = {isa = PBXBuildFile; fileRef = 3A2BE5ED2A92F47000303014 /* CreateNotesCell.xib */; };
		3A2BE5F32A97561800303014 /* TaskTitleCell.swift in Sources */ = {isa = PBXBuildFile; fileRef = 3A2BE5F12A97561800303014 /* TaskTitleCell.swift */; };
		3A2BE5F42A97561800303014 /* TaskTitleCell.xib in Resources */ = {isa = PBXBuildFile; fileRef = 3A2BE5F22A97561800303014 /* TaskTitleCell.xib */; };
		3A2BE5F72A975AF000303014 /* TaskTodoCell.swift in Sources */ = {isa = PBXBuildFile; fileRef = 3A2BE5F52A975AF000303014 /* TaskTodoCell.swift */; };
		3A2BE5F82A975AF000303014 /* TaskTodoCell.xib in Resources */ = {isa = PBXBuildFile; fileRef = 3A2BE5F62A975AF000303014 /* TaskTodoCell.xib */; };
		3A2BE5FB2A975D4C00303014 /* TaskAttachmentsCell.swift in Sources */ = {isa = PBXBuildFile; fileRef = 3A2BE5F92A975D4C00303014 /* TaskAttachmentsCell.swift */; };
		3A2BE5FC2A975D4C00303014 /* TaskAttachmentsCell.xib in Resources */ = {isa = PBXBuildFile; fileRef = 3A2BE5FA2A975D4C00303014 /* TaskAttachmentsCell.xib */; };
		3A2BE5FE2A97622000303014 /* ManageTaskVC.swift in Sources */ = {isa = PBXBuildFile; fileRef = 3A2BE5FD2A97622000303014 /* ManageTaskVC.swift */; };
		3A2BE6012A9774ED00303014 /* TasksCell.swift in Sources */ = {isa = PBXBuildFile; fileRef = 3A2BE5FF2A9774ED00303014 /* TasksCell.swift */; };
		3A2BE6022A9774ED00303014 /* TasksCell.xib in Resources */ = {isa = PBXBuildFile; fileRef = 3A2BE6002A9774ED00303014 /* TasksCell.xib */; };
		3A2BE6162A99F27300303014 /* BoardsCell.swift in Sources */ = {isa = PBXBuildFile; fileRef = 3A2BE6142A99F27300303014 /* BoardsCell.swift */; };
		3A2BE6172A99F27300303014 /* BoardsCell.xib in Resources */ = {isa = PBXBuildFile; fileRef = 3A2BE6152A99F27300303014 /* BoardsCell.xib */; };
		3A2BE6192A99FB0400303014 /* ManageBoardsVC.swift in Sources */ = {isa = PBXBuildFile; fileRef = 3A2BE6182A99FB0400303014 /* ManageBoardsVC.swift */; };
		3A4564142A8F7E140048F2CF /* CreateTeamVC.swift in Sources */ = {isa = PBXBuildFile; fileRef = 3A4564132A8F7E140048F2CF /* CreateTeamVC.swift */; };
		3A7ED3CD2A8BA72700D3E472 /* Enums.swift in Sources */ = {isa = PBXBuildFile; fileRef = 3A7ED3CC2A8BA72700D3E472 /* Enums.swift */; };
		3A7ED3D22A8BB96E00D3E472 /* MemberCell.swift in Sources */ = {isa = PBXBuildFile; fileRef = 3A7ED3D02A8BB96E00D3E472 /* MemberCell.swift */; };
		3A7ED3D32A8BB96E00D3E472 /* MemberCell.xib in Resources */ = {isa = PBXBuildFile; fileRef = 3A7ED3D12A8BB96E00D3E472 /* MemberCell.xib */; };
		3A7ED3D52A8BF9BE00D3E472 /* TeamMemberVC.swift in Sources */ = {isa = PBXBuildFile; fileRef = 3A7ED3D42A8BF9BE00D3E472 /* TeamMemberVC.swift */; };
		3A7ED3D72A8BFA7500D3E472 /* ModelTeamMember.swift in Sources */ = {isa = PBXBuildFile; fileRef = 3A7ED3D62A8BFA7500D3E472 /* ModelTeamMember.swift */; };
		3A7ED3DC2A8F164600D3E472 /* MembersHomeCell.swift in Sources */ = {isa = PBXBuildFile; fileRef = 3A7ED3DA2A8F164600D3E472 /* MembersHomeCell.swift */; };
		3A7ED3DD2A8F164600D3E472 /* MembersHomeCell.xib in Resources */ = {isa = PBXBuildFile; fileRef = 3A7ED3DB2A8F164600D3E472 /* MembersHomeCell.xib */; };
		3A7ED3E02A8F1E5400D3E472 /* MemberHomeHeaderCell.swift in Sources */ = {isa = PBXBuildFile; fileRef = 3A7ED3DE2A8F1E5400D3E472 /* MemberHomeHeaderCell.swift */; };
		3A7ED3E12A8F1E5400D3E472 /* MemberHomeHeaderCell.xib in Resources */ = {isa = PBXBuildFile; fileRef = 3A7ED3DF2A8F1E5400D3E472 /* MemberHomeHeaderCell.xib */; };
		3A7ED3E52A8F1FA700D3E472 /* ModelMemberHome.swift in Sources */ = {isa = PBXBuildFile; fileRef = 3A7ED3E42A8F1FA700D3E472 /* ModelMemberHome.swift */; };
		3A7ED3E72A8F30D600D3E472 /* AlertControllerVC.swift in Sources */ = {isa = PBXBuildFile; fileRef = 3A7ED3E62A8F30D600D3E472 /* AlertControllerVC.swift */; };
		3ABB30FF2A9139FD008531EC /* CreateClientVC.swift in Sources */ = {isa = PBXBuildFile; fileRef = 3ABB30FE2A9139FD008531EC /* CreateClientVC.swift */; };
		3ACFA8B42A910612009A6467 /* ClientInformationVC.swift in Sources */ = {isa = PBXBuildFile; fileRef = 3ACFA8B32A910612009A6467 /* ClientInformationVC.swift */; };
		DB0080FE2A74B43700212FD4 /* AppDelegate.swift in Sources */ = {isa = PBXBuildFile; fileRef = DB0080FD2A74B43700212FD4 /* AppDelegate.swift */; };
		DB0081002A74B43700212FD4 /* SceneDelegate.swift in Sources */ = {isa = PBXBuildFile; fileRef = DB0080FF2A74B43700212FD4 /* SceneDelegate.swift */; };
		DB0081052A74B43700212FD4 /* Main.storyboard in Resources */ = {isa = PBXBuildFile; fileRef = DB0081032A74B43700212FD4 /* Main.storyboard */; };
		DB0081082A74B43700212FD4 /* _Tech_PMS.xcdatamodeld in Sources */ = {isa = PBXBuildFile; fileRef = DB0081062A74B43700212FD4 /* _Tech_PMS.xcdatamodeld */; };
		DB00810A2A74B43800212FD4 /* Assets.xcassets in Resources */ = {isa = PBXBuildFile; fileRef = DB0081092A74B43800212FD4 /* Assets.xcassets */; };
		DB00810D2A74B43800212FD4 /* LaunchScreen.storyboard in Resources */ = {isa = PBXBuildFile; fileRef = DB00810B2A74B43800212FD4 /* LaunchScreen.storyboard */; };
		DB0081152A74B4D500212FD4 /* SplashVC.swift in Sources */ = {isa = PBXBuildFile; fileRef = DB0081142A74B4D500212FD4 /* SplashVC.swift */; };
		DB0081222A74B70B00212FD4 /* Constants.swift in Sources */ = {isa = PBXBuildFile; fileRef = DB0081172A74B70A00212FD4 /* Constants.swift */; };
		DB0081232A74B70B00212FD4 /* ToastHelper.swift in Sources */ = {isa = PBXBuildFile; fileRef = DB0081192A74B70A00212FD4 /* ToastHelper.swift */; };
		DB0081242A74B70B00212FD4 /* UIView.swift in Sources */ = {isa = PBXBuildFile; fileRef = DB00811B2A74B70B00212FD4 /* UIView.swift */; };
		DB0081252A74B70B00212FD4 /* UIColor.swift in Sources */ = {isa = PBXBuildFile; fileRef = DB00811C2A74B70B00212FD4 /* UIColor.swift */; };
		DB0081262A74B70B00212FD4 /* UITextField.swift in Sources */ = {isa = PBXBuildFile; fileRef = DB00811D2A74B70B00212FD4 /* UITextField.swift */; };
		DB0081272A74B70B00212FD4 /* String.swift in Sources */ = {isa = PBXBuildFile; fileRef = DB00811E2A74B70B00212FD4 /* String.swift */; };
		DB0081282A74B70B00212FD4 /* UIViewController.swift in Sources */ = {isa = PBXBuildFile; fileRef = DB00811F2A74B70B00212FD4 /* UIViewController.swift */; };
		DB0081292A74B70B00212FD4 /* DateFormatter.swift in Sources */ = {isa = PBXBuildFile; fileRef = DB0081202A74B70B00212FD4 /* DateFormatter.swift */; };
		DB00812A2A74B70B00212FD4 /* UIFont.swift in Sources */ = {isa = PBXBuildFile; fileRef = DB0081212A74B70B00212FD4 /* UIFont.swift */; };
		DB00812D2A74B73A00212FD4 /* IQKeyboardManagerSwift in Frameworks */ = {isa = PBXBuildFile; productRef = DB00812C2A74B73A00212FD4 /* IQKeyboardManagerSwift */; };
		DB0081302A74B75500212FD4 /* NotificationBannerSwift in Frameworks */ = {isa = PBXBuildFile; productRef = DB00812F2A74B75500212FD4 /* NotificationBannerSwift */; };
		DB0081342A74B77600212FD4 /* BaseVC.swift in Sources */ = {isa = PBXBuildFile; fileRef = DB0081322A74B77600212FD4 /* BaseVC.swift */; };
		DB0081352A74B77600212FD4 /* BaseAuthVC.swift in Sources */ = {isa = PBXBuildFile; fileRef = DB0081332A74B77600212FD4 /* BaseAuthVC.swift */; };
		DB00813C2A74B85400212FD4 /* Colors.xcassets in Resources */ = {isa = PBXBuildFile; fileRef = DB00813B2A74B85400212FD4 /* Colors.xcassets */; };
		DB00813E2A74BA5300212FD4 /* LoginVC.swift in Sources */ = {isa = PBXBuildFile; fileRef = DB00813D2A74BA5300212FD4 /* LoginVC.swift */; };
		DB0081402A74D9C900212FD4 /* AdminHomeVC.swift in Sources */ = {isa = PBXBuildFile; fileRef = DB00813F2A74D9C900212FD4 /* AdminHomeVC.swift */; };
		DB0081432A74D9E400212FD4 /* SideMenuVC.swift in Sources */ = {isa = PBXBuildFile; fileRef = DB0081422A74D9E400212FD4 /* SideMenuVC.swift */; };
		DB2823F12A80DF0E0016324D /* ClientsVC.swift in Sources */ = {isa = PBXBuildFile; fileRef = DB2823F02A80DF0E0016324D /* ClientsVC.swift */; };
		DB2823F32A80DFF90016324D /* Admin.storyboard in Resources */ = {isa = PBXBuildFile; fileRef = DB2823F22A80DFF90016324D /* Admin.storyboard */; };
		DB2823F72A80E28F0016324D /* ClientsCell.swift in Sources */ = {isa = PBXBuildFile; fileRef = DB2823F52A80E28F0016324D /* ClientsCell.swift */; };
		DB2823F82A80E28F0016324D /* ClientsCell.xib in Resources */ = {isa = PBXBuildFile; fileRef = DB2823F62A80E28F0016324D /* ClientsCell.xib */; };
		DB2823FB2A80E7770016324D /* ClientInfoVC.swift in Sources */ = {isa = PBXBuildFile; fileRef = DB2823FA2A80E7770016324D /* ClientInfoVC.swift */; };
		DB2823FD2A80EC060016324D /* HeadingTextField.swift in Sources */ = {isa = PBXBuildFile; fileRef = DB2823FC2A80EC060016324D /* HeadingTextField.swift */; };
		DB3825292A80C656008D9EB4 /* AdminHomeCollCell.swift in Sources */ = {isa = PBXBuildFile; fileRef = DB3825272A80C656008D9EB4 /* AdminHomeCollCell.swift */; };
		DB38252A2A80C656008D9EB4 /* AdminHomeCollCell.xib in Resources */ = {isa = PBXBuildFile; fileRef = DB3825282A80C656008D9EB4 /* AdminHomeCollCell.xib */; };
		DB38252D2A80D055008D9EB4 /* UIImage.swift in Sources */ = {isa = PBXBuildFile; fileRef = DB38252C2A80D055008D9EB4 /* UIImage.swift */; };
		DB6E1EDC2A876DFB0070D80E /* Members.storyboard in Resources */ = {isa = PBXBuildFile; fileRef = DB6E1EDB2A876DFB0070D80E /* Members.storyboard */; };
		DB6E1EDF2A876E720070D80E /* MembersHomeVC.swift in Sources */ = {isa = PBXBuildFile; fileRef = DB6E1EDE2A876E720070D80E /* MembersHomeVC.swift */; };
		DBEC145D2AA0483A00F2F28F /* Role.swift in Sources */ = {isa = PBXBuildFile; fileRef = DBEC145C2AA0483A00F2F28F /* Role.swift */; };
		DBEC14602AA06C3100F2F28F /* ProjectsVC.swift in Sources */ = {isa = PBXBuildFile; fileRef = DBEC145F2AA06C3000F2F28F /* ProjectsVC.swift */; };
		DBEC14622AA079BC00F2F28F /* ProfileVC.swift in Sources */ = {isa = PBXBuildFile; fileRef = DBEC14612AA079BC00F2F28F /* ProfileVC.swift */; };
/* End PBXBuildFile section */

/* Begin PBXFileReference section */
		3A29CCB02A8B948000CCD188 /* CreateVC.swift */ = {isa = PBXFileReference; lastKnownFileType = sourcecode.swift; path = CreateVC.swift; sourceTree = "<group>"; };
		3A2BE5DC2A927E2F00303014 /* BasicInfoVC.swift */ = {isa = PBXFileReference; lastKnownFileType = sourcecode.swift; path = BasicInfoVC.swift; sourceTree = "<group>"; };
		3A2BE5DE2A92845400303014 /* ContactDataVC.swift */ = {isa = PBXFileReference; lastKnownFileType = sourcecode.swift; path = ContactDataVC.swift; sourceTree = "<group>"; };
		3A2BE5E22A92874100303014 /* CreateClientTemplateCell.swift */ = {isa = PBXFileReference; lastKnownFileType = sourcecode.swift; path = CreateClientTemplateCell.swift; sourceTree = "<group>"; };
		3A2BE5E32A92874100303014 /* CreateClientTemplateCell.xib */ = {isa = PBXFileReference; lastKnownFileType = file.xib; path = CreateClientTemplateCell.xib; sourceTree = "<group>"; };
		3A2BE5E62A92E6E700303014 /* Task.storyboard */ = {isa = PBXFileReference; lastKnownFileType = file.storyboard; path = Task.storyboard; sourceTree = "<group>"; };
		3A2BE5E92A92F22C00303014 /* CreateNotesVC.swift */ = {isa = PBXFileReference; lastKnownFileType = sourcecode.swift; path = CreateNotesVC.swift; sourceTree = "<group>"; };
		3A2BE5EC2A92F47000303014 /* CreateNotesCell.swift */ = {isa = PBXFileReference; lastKnownFileType = sourcecode.swift; path = CreateNotesCell.swift; sourceTree = "<group>"; };
		3A2BE5ED2A92F47000303014 /* CreateNotesCell.xib */ = {isa = PBXFileReference; lastKnownFileType = file.xib; path = CreateNotesCell.xib; sourceTree = "<group>"; };
		3A2BE5F12A97561800303014 /* TaskTitleCell.swift */ = {isa = PBXFileReference; lastKnownFileType = sourcecode.swift; path = TaskTitleCell.swift; sourceTree = "<group>"; };
		3A2BE5F22A97561800303014 /* TaskTitleCell.xib */ = {isa = PBXFileReference; lastKnownFileType = file.xib; path = TaskTitleCell.xib; sourceTree = "<group>"; };
		3A2BE5F52A975AF000303014 /* TaskTodoCell.swift */ = {isa = PBXFileReference; lastKnownFileType = sourcecode.swift; path = TaskTodoCell.swift; sourceTree = "<group>"; };
		3A2BE5F62A975AF000303014 /* TaskTodoCell.xib */ = {isa = PBXFileReference; lastKnownFileType = file.xib; path = TaskTodoCell.xib; sourceTree = "<group>"; };
		3A2BE5F92A975D4C00303014 /* TaskAttachmentsCell.swift */ = {isa = PBXFileReference; lastKnownFileType = sourcecode.swift; path = TaskAttachmentsCell.swift; sourceTree = "<group>"; };
		3A2BE5FA2A975D4C00303014 /* TaskAttachmentsCell.xib */ = {isa = PBXFileReference; lastKnownFileType = file.xib; path = TaskAttachmentsCell.xib; sourceTree = "<group>"; };
		3A2BE5FD2A97622000303014 /* ManageTaskVC.swift */ = {isa = PBXFileReference; lastKnownFileType = sourcecode.swift; path = ManageTaskVC.swift; sourceTree = "<group>"; };
		3A2BE5FF2A9774ED00303014 /* TasksCell.swift */ = {isa = PBXFileReference; lastKnownFileType = sourcecode.swift; path = TasksCell.swift; sourceTree = "<group>"; };
		3A2BE6002A9774ED00303014 /* TasksCell.xib */ = {isa = PBXFileReference; lastKnownFileType = file.xib; path = TasksCell.xib; sourceTree = "<group>"; };
		3A2BE6142A99F27300303014 /* BoardsCell.swift */ = {isa = PBXFileReference; lastKnownFileType = sourcecode.swift; path = BoardsCell.swift; sourceTree = "<group>"; };
		3A2BE6152A99F27300303014 /* BoardsCell.xib */ = {isa = PBXFileReference; lastKnownFileType = file.xib; path = BoardsCell.xib; sourceTree = "<group>"; };
		3A2BE6182A99FB0400303014 /* ManageBoardsVC.swift */ = {isa = PBXFileReference; lastKnownFileType = sourcecode.swift; path = ManageBoardsVC.swift; sourceTree = "<group>"; };
		3A4564132A8F7E140048F2CF /* CreateTeamVC.swift */ = {isa = PBXFileReference; lastKnownFileType = sourcecode.swift; path = CreateTeamVC.swift; sourceTree = "<group>"; };
		3A4564162A90F70F0048F2CF /* SideMenuTVC.xib */ = {isa = PBXFileReference; lastKnownFileType = file.xib; path = SideMenuTVC.xib; sourceTree = "<group>"; };
		3A4564172A90F70F0048F2CF /* SideMenuTVC.swift */ = {isa = PBXFileReference; lastKnownFileType = sourcecode.swift; path = SideMenuTVC.swift; sourceTree = "<group>"; };
		3A7ED3CC2A8BA72700D3E472 /* Enums.swift */ = {isa = PBXFileReference; lastKnownFileType = sourcecode.swift; path = Enums.swift; sourceTree = "<group>"; };
		3A7ED3D02A8BB96E00D3E472 /* MemberCell.swift */ = {isa = PBXFileReference; lastKnownFileType = sourcecode.swift; path = MemberCell.swift; sourceTree = "<group>"; };
		3A7ED3D12A8BB96E00D3E472 /* MemberCell.xib */ = {isa = PBXFileReference; lastKnownFileType = file.xib; path = MemberCell.xib; sourceTree = "<group>"; };
		3A7ED3D42A8BF9BE00D3E472 /* TeamMemberVC.swift */ = {isa = PBXFileReference; lastKnownFileType = sourcecode.swift; path = TeamMemberVC.swift; sourceTree = "<group>"; };
		3A7ED3D62A8BFA7500D3E472 /* ModelTeamMember.swift */ = {isa = PBXFileReference; lastKnownFileType = sourcecode.swift; path = ModelTeamMember.swift; sourceTree = "<group>"; };
		3A7ED3DA2A8F164600D3E472 /* MembersHomeCell.swift */ = {isa = PBXFileReference; lastKnownFileType = sourcecode.swift; path = MembersHomeCell.swift; sourceTree = "<group>"; };
		3A7ED3DB2A8F164600D3E472 /* MembersHomeCell.xib */ = {isa = PBXFileReference; lastKnownFileType = file.xib; path = MembersHomeCell.xib; sourceTree = "<group>"; };
		3A7ED3DE2A8F1E5400D3E472 /* MemberHomeHeaderCell.swift */ = {isa = PBXFileReference; lastKnownFileType = sourcecode.swift; path = MemberHomeHeaderCell.swift; sourceTree = "<group>"; };
		3A7ED3DF2A8F1E5400D3E472 /* MemberHomeHeaderCell.xib */ = {isa = PBXFileReference; lastKnownFileType = file.xib; path = MemberHomeHeaderCell.xib; sourceTree = "<group>"; };
		3A7ED3E42A8F1FA700D3E472 /* ModelMemberHome.swift */ = {isa = PBXFileReference; lastKnownFileType = sourcecode.swift; path = ModelMemberHome.swift; sourceTree = "<group>"; };
		3A7ED3E62A8F30D600D3E472 /* AlertControllerVC.swift */ = {isa = PBXFileReference; lastKnownFileType = sourcecode.swift; path = AlertControllerVC.swift; sourceTree = "<group>"; };
		3ABB30FE2A9139FD008531EC /* CreateClientVC.swift */ = {isa = PBXFileReference; lastKnownFileType = sourcecode.swift; path = CreateClientVC.swift; sourceTree = "<group>"; };
		3ACFA8B32A910612009A6467 /* ClientInformationVC.swift */ = {isa = PBXFileReference; lastKnownFileType = sourcecode.swift; path = ClientInformationVC.swift; sourceTree = "<group>"; };
		DB0080FA2A74B43700212FD4 /* 1Tech PMS.app */ = {isa = PBXFileReference; explicitFileType = wrapper.application; includeInIndex = 0; path = "1Tech PMS.app"; sourceTree = BUILT_PRODUCTS_DIR; };
		DB0080FD2A74B43700212FD4 /* AppDelegate.swift */ = {isa = PBXFileReference; lastKnownFileType = sourcecode.swift; path = AppDelegate.swift; sourceTree = "<group>"; };
		DB0080FF2A74B43700212FD4 /* SceneDelegate.swift */ = {isa = PBXFileReference; lastKnownFileType = sourcecode.swift; path = SceneDelegate.swift; sourceTree = "<group>"; };
		DB0081042A74B43700212FD4 /* Base */ = {isa = PBXFileReference; lastKnownFileType = file.storyboard; name = Base; path = Base.lproj/Main.storyboard; sourceTree = "<group>"; };
		DB0081072A74B43700212FD4 /* _Tech_PMS.xcdatamodel */ = {isa = PBXFileReference; lastKnownFileType = wrapper.xcdatamodel; path = _Tech_PMS.xcdatamodel; sourceTree = "<group>"; };
		DB0081092A74B43800212FD4 /* Assets.xcassets */ = {isa = PBXFileReference; lastKnownFileType = folder.assetcatalog; path = Assets.xcassets; sourceTree = "<group>"; };
		DB00810C2A74B43800212FD4 /* Base */ = {isa = PBXFileReference; lastKnownFileType = file.storyboard; name = Base; path = Base.lproj/LaunchScreen.storyboard; sourceTree = "<group>"; };
		DB00810E2A74B43800212FD4 /* Info.plist */ = {isa = PBXFileReference; lastKnownFileType = text.plist.xml; path = Info.plist; sourceTree = "<group>"; };
		DB0081142A74B4D500212FD4 /* SplashVC.swift */ = {isa = PBXFileReference; lastKnownFileType = sourcecode.swift; path = SplashVC.swift; sourceTree = "<group>"; };
		DB0081172A74B70A00212FD4 /* Constants.swift */ = {isa = PBXFileReference; fileEncoding = 4; lastKnownFileType = sourcecode.swift; path = Constants.swift; sourceTree = "<group>"; };
		DB0081192A74B70A00212FD4 /* ToastHelper.swift */ = {isa = PBXFileReference; fileEncoding = 4; lastKnownFileType = sourcecode.swift; path = ToastHelper.swift; sourceTree = "<group>"; };
		DB00811B2A74B70B00212FD4 /* UIView.swift */ = {isa = PBXFileReference; fileEncoding = 4; lastKnownFileType = sourcecode.swift; path = UIView.swift; sourceTree = "<group>"; };
		DB00811C2A74B70B00212FD4 /* UIColor.swift */ = {isa = PBXFileReference; fileEncoding = 4; lastKnownFileType = sourcecode.swift; path = UIColor.swift; sourceTree = "<group>"; };
		DB00811D2A74B70B00212FD4 /* UITextField.swift */ = {isa = PBXFileReference; fileEncoding = 4; lastKnownFileType = sourcecode.swift; path = UITextField.swift; sourceTree = "<group>"; };
		DB00811E2A74B70B00212FD4 /* String.swift */ = {isa = PBXFileReference; fileEncoding = 4; lastKnownFileType = sourcecode.swift; path = String.swift; sourceTree = "<group>"; };
		DB00811F2A74B70B00212FD4 /* UIViewController.swift */ = {isa = PBXFileReference; fileEncoding = 4; lastKnownFileType = sourcecode.swift; path = UIViewController.swift; sourceTree = "<group>"; };
		DB0081202A74B70B00212FD4 /* DateFormatter.swift */ = {isa = PBXFileReference; fileEncoding = 4; lastKnownFileType = sourcecode.swift; path = DateFormatter.swift; sourceTree = "<group>"; };
		DB0081212A74B70B00212FD4 /* UIFont.swift */ = {isa = PBXFileReference; fileEncoding = 4; lastKnownFileType = sourcecode.swift; path = UIFont.swift; sourceTree = "<group>"; };
		DB0081322A74B77600212FD4 /* BaseVC.swift */ = {isa = PBXFileReference; fileEncoding = 4; lastKnownFileType = sourcecode.swift; path = BaseVC.swift; sourceTree = "<group>"; };
		DB0081332A74B77600212FD4 /* BaseAuthVC.swift */ = {isa = PBXFileReference; fileEncoding = 4; lastKnownFileType = sourcecode.swift; path = BaseAuthVC.swift; sourceTree = "<group>"; };
		DB00813B2A74B85400212FD4 /* Colors.xcassets */ = {isa = PBXFileReference; lastKnownFileType = folder.assetcatalog; path = Colors.xcassets; sourceTree = "<group>"; };
		DB00813D2A74BA5300212FD4 /* LoginVC.swift */ = {isa = PBXFileReference; lastKnownFileType = sourcecode.swift; path = LoginVC.swift; sourceTree = "<group>"; };
		DB00813F2A74D9C900212FD4 /* AdminHomeVC.swift */ = {isa = PBXFileReference; lastKnownFileType = sourcecode.swift; path = AdminHomeVC.swift; sourceTree = "<group>"; };
		DB0081422A74D9E400212FD4 /* SideMenuVC.swift */ = {isa = PBXFileReference; lastKnownFileType = sourcecode.swift; path = SideMenuVC.swift; sourceTree = "<group>"; };
		DB2823F02A80DF0E0016324D /* ClientsVC.swift */ = {isa = PBXFileReference; lastKnownFileType = sourcecode.swift; path = ClientsVC.swift; sourceTree = "<group>"; };
		DB2823F22A80DFF90016324D /* Admin.storyboard */ = {isa = PBXFileReference; lastKnownFileType = file.storyboard; path = Admin.storyboard; sourceTree = "<group>"; };
		DB2823F52A80E28F0016324D /* ClientsCell.swift */ = {isa = PBXFileReference; lastKnownFileType = sourcecode.swift; path = ClientsCell.swift; sourceTree = "<group>"; };
		DB2823F62A80E28F0016324D /* ClientsCell.xib */ = {isa = PBXFileReference; lastKnownFileType = file.xib; path = ClientsCell.xib; sourceTree = "<group>"; };
		DB2823FA2A80E7770016324D /* ClientInfoVC.swift */ = {isa = PBXFileReference; lastKnownFileType = sourcecode.swift; path = ClientInfoVC.swift; sourceTree = "<group>"; };
		DB2823FC2A80EC060016324D /* HeadingTextField.swift */ = {isa = PBXFileReference; lastKnownFileType = sourcecode.swift; path = HeadingTextField.swift; sourceTree = "<group>"; };
		DB3825272A80C656008D9EB4 /* AdminHomeCollCell.swift */ = {isa = PBXFileReference; lastKnownFileType = sourcecode.swift; path = AdminHomeCollCell.swift; sourceTree = "<group>"; };
		DB3825282A80C656008D9EB4 /* AdminHomeCollCell.xib */ = {isa = PBXFileReference; lastKnownFileType = file.xib; path = AdminHomeCollCell.xib; sourceTree = "<group>"; };
		DB38252C2A80D055008D9EB4 /* UIImage.swift */ = {isa = PBXFileReference; lastKnownFileType = sourcecode.swift; path = UIImage.swift; sourceTree = "<group>"; };
		DB6E1EDB2A876DFB0070D80E /* Members.storyboard */ = {isa = PBXFileReference; lastKnownFileType = file.storyboard; path = Members.storyboard; sourceTree = "<group>"; };
		DB6E1EDE2A876E720070D80E /* MembersHomeVC.swift */ = {isa = PBXFileReference; lastKnownFileType = sourcecode.swift; path = MembersHomeVC.swift; sourceTree = "<group>"; };
		DBEC145C2AA0483A00F2F28F /* Role.swift */ = {isa = PBXFileReference; lastKnownFileType = sourcecode.swift; path = Role.swift; sourceTree = "<group>"; };
		DBEC145F2AA06C3000F2F28F /* ProjectsVC.swift */ = {isa = PBXFileReference; lastKnownFileType = sourcecode.swift; path = ProjectsVC.swift; sourceTree = "<group>"; };
		DBEC14612AA079BC00F2F28F /* ProfileVC.swift */ = {isa = PBXFileReference; lastKnownFileType = sourcecode.swift; path = ProfileVC.swift; sourceTree = "<group>"; };
/* End PBXFileReference section */

/* Begin PBXFrameworksBuildPhase section */
		DB0080F72A74B43700212FD4 /* Frameworks */ = {
			isa = PBXFrameworksBuildPhase;
			buildActionMask = 2147483647;
			files = (
				DB00812D2A74B73A00212FD4 /* IQKeyboardManagerSwift in Frameworks */,
				DB0081302A74B75500212FD4 /* NotificationBannerSwift in Frameworks */,
			);
			runOnlyForDeploymentPostprocessing = 0;
		};
/* End PBXFrameworksBuildPhase section */

/* Begin PBXGroup section */
		3A2BE5E02A9286CC00303014 /* CreateClient */ = {
			isa = PBXGroup;
			children = (
				3A2BE5E12A92870200303014 /* cell */,
				3ABB30FE2A9139FD008531EC /* CreateClientVC.swift */,
				3A2BE5DC2A927E2F00303014 /* BasicInfoVC.swift */,
				3A2BE5DE2A92845400303014 /* ContactDataVC.swift */,
			);
			path = CreateClient;
			sourceTree = "<group>";
		};
		3A2BE5E12A92870200303014 /* cell */ = {
			isa = PBXGroup;
			children = (
				3A2BE5E22A92874100303014 /* CreateClientTemplateCell.swift */,
				3A2BE5E32A92874100303014 /* CreateClientTemplateCell.xib */,
			);
			path = cell;
			sourceTree = "<group>";
		};
		3A2BE5E82A92F19C00303014 /* Task */ = {
			isa = PBXGroup;
			children = (
				3A2BE6132A99F25600303014 /* BoardsCell */,
				3A2BE5F02A9755AE00303014 /* TaskCell */,
				3A2BE5EB2A92F44200303014 /* NotesCell */,
				3A2BE5E92A92F22C00303014 /* CreateNotesVC.swift */,
				3A2BE5FD2A97622000303014 /* ManageTaskVC.swift */,
				3A2BE6182A99FB0400303014 /* ManageBoardsVC.swift */,
			);
			path = Task;
			sourceTree = "<group>";
		};
		3A2BE5EB2A92F44200303014 /* NotesCell */ = {
			isa = PBXGroup;
			children = (
				3A2BE5EC2A92F47000303014 /* CreateNotesCell.swift */,
				3A2BE5ED2A92F47000303014 /* CreateNotesCell.xib */,
			);
			path = NotesCell;
			sourceTree = "<group>";
		};
		3A2BE5F02A9755AE00303014 /* TaskCell */ = {
			isa = PBXGroup;
			children = (
				3A2BE5F12A97561800303014 /* TaskTitleCell.swift */,
				3A2BE5F22A97561800303014 /* TaskTitleCell.xib */,
				3A2BE5F52A975AF000303014 /* TaskTodoCell.swift */,
				3A2BE5F62A975AF000303014 /* TaskTodoCell.xib */,
				3A2BE5F92A975D4C00303014 /* TaskAttachmentsCell.swift */,
				3A2BE5FA2A975D4C00303014 /* TaskAttachmentsCell.xib */,
				3A2BE5FF2A9774ED00303014 /* TasksCell.swift */,
				3A2BE6002A9774ED00303014 /* TasksCell.xib */,
			);
			path = TaskCell;
			sourceTree = "<group>";
		};
		3A2BE6132A99F25600303014 /* BoardsCell */ = {
			isa = PBXGroup;
			children = (
				3A2BE6142A99F27300303014 /* BoardsCell.swift */,
				3A2BE6152A99F27300303014 /* BoardsCell.xib */,
			);
			path = BoardsCell;
			sourceTree = "<group>";
		};
		3A4564152A90F70F0048F2CF /* SideMenuCell */ = {
			isa = PBXGroup;
			children = (
				3A4564162A90F70F0048F2CF /* SideMenuTVC.xib */,
				3A4564172A90F70F0048F2CF /* SideMenuTVC.swift */,
			);
			path = SideMenuCell;
			sourceTree = "<group>";
		};
		3A7ED3CE2A8BB8F200D3E472 /* TeamMember */ = {
			isa = PBXGroup;
			children = (
				3A7ED3D42A8BF9BE00D3E472 /* TeamMemberVC.swift */,
				3A7ED3CF2A8BB90900D3E472 /* Cell */,
				3A7ED3D62A8BFA7500D3E472 /* ModelTeamMember.swift */,
			);
			path = TeamMember;
			sourceTree = "<group>";
		};
		3A7ED3CF2A8BB90900D3E472 /* Cell */ = {
			isa = PBXGroup;
			children = (
				3A7ED3D02A8BB96E00D3E472 /* MemberCell.swift */,
				3A7ED3D12A8BB96E00D3E472 /* MemberCell.xib */,
			);
			path = Cell;
			sourceTree = "<group>";
		};
		3A7ED3D82A8F15EC00D3E472 /* Home */ = {
			isa = PBXGroup;
			children = (
				DB6E1EDE2A876E720070D80E /* MembersHomeVC.swift */,
				3A7ED3D92A8F160800D3E472 /* Cell */,
				3A7ED3E42A8F1FA700D3E472 /* ModelMemberHome.swift */,
			);
			path = Home;
			sourceTree = "<group>";
		};
		3A7ED3D92A8F160800D3E472 /* Cell */ = {
			isa = PBXGroup;
			children = (
				3A7ED3DA2A8F164600D3E472 /* MembersHomeCell.swift */,
				3A7ED3DB2A8F164600D3E472 /* MembersHomeCell.xib */,
				3A7ED3DE2A8F1E5400D3E472 /* MemberHomeHeaderCell.swift */,
				3A7ED3DF2A8F1E5400D3E472 /* MemberHomeHeaderCell.xib */,
			);
			path = Cell;
			sourceTree = "<group>";
		};
		DB0080F12A74B43700212FD4 = {
			isa = PBXGroup;
			children = (
				DB0080FC2A74B43700212FD4 /* 1Tech PMS */,
				DB0080FB2A74B43700212FD4 /* Products */,
			);
			sourceTree = "<group>";
		};
		DB0080FB2A74B43700212FD4 /* Products */ = {
			isa = PBXGroup;
			children = (
				DB0080FA2A74B43700212FD4 /* 1Tech PMS.app */,
			);
			name = Products;
			sourceTree = "<group>";
		};
		DB0080FC2A74B43700212FD4 /* 1Tech PMS */ = {
			isa = PBXGroup;
			children = (
				DB0081362A74B78000212FD4 /* AppDelegate */,
				DB0081372A74B78B00212FD4 /* VC */,
				DB0081392A74B7A000212FD4 /* Views */,
				DBEC145B2AA0481C00F2F28F /* Models */,
				DB00813A2A74B83C00212FD4 /* Resources */,
				DB0081162A74B70A00212FD4 /* Helpers */,
				DB00810E2A74B43800212FD4 /* Info.plist */,
				DB0081062A74B43700212FD4 /* _Tech_PMS.xcdatamodeld */,
			);
			path = "1Tech PMS";
			sourceTree = "<group>";
		};
		DB0081162A74B70A00212FD4 /* Helpers */ = {
			isa = PBXGroup;
			children = (
				DB0081172A74B70A00212FD4 /* Constants.swift */,
				DB0081182A74B70A00212FD4 /* ViewHelpers */,
				DB00811A2A74B70B00212FD4 /* Extensions */,
				3A7ED3CC2A8BA72700D3E472 /* Enums.swift */,
			);
			path = Helpers;
			sourceTree = "<group>";
		};
		DB0081182A74B70A00212FD4 /* ViewHelpers */ = {
			isa = PBXGroup;
			children = (
				DB0081192A74B70A00212FD4 /* ToastHelper.swift */,
			);
			path = ViewHelpers;
			sourceTree = "<group>";
		};
		DB00811A2A74B70B00212FD4 /* Extensions */ = {
			isa = PBXGroup;
			children = (
				DB00811B2A74B70B00212FD4 /* UIView.swift */,
				DB00811C2A74B70B00212FD4 /* UIColor.swift */,
				DB00811D2A74B70B00212FD4 /* UITextField.swift */,
				DB00811E2A74B70B00212FD4 /* String.swift */,
				DB00811F2A74B70B00212FD4 /* UIViewController.swift */,
				DB0081202A74B70B00212FD4 /* DateFormatter.swift */,
				DB0081212A74B70B00212FD4 /* UIFont.swift */,
				DB38252C2A80D055008D9EB4 /* UIImage.swift */,
			);
			path = Extensions;
			sourceTree = "<group>";
		};
		DB0081312A74B77600212FD4 /* Base */ = {
			isa = PBXGroup;
			children = (
				DB0081322A74B77600212FD4 /* BaseVC.swift */,
				DB0081332A74B77600212FD4 /* BaseAuthVC.swift */,
				3A7ED3E62A8F30D600D3E472 /* AlertControllerVC.swift */,
			);
			path = Base;
			sourceTree = "<group>";
		};
		DB0081362A74B78000212FD4 /* AppDelegate */ = {
			isa = PBXGroup;
			children = (
				DB0080FD2A74B43700212FD4 /* AppDelegate.swift */,
				DB0080FF2A74B43700212FD4 /* SceneDelegate.swift */,
			);
			path = AppDelegate;
			sourceTree = "<group>";
		};
		DB0081372A74B78B00212FD4 /* VC */ = {
			isa = PBXGroup;
			children = (
				DB0081312A74B77600212FD4 /* Base */,
				DB0081382A74B79700212FD4 /* Auth */,
				DB0081412A74D9CC00212FD4 /* Admin */,
				DB0081422A74D9E400212FD4 /* SideMenuVC.swift */,
				3A2BE5E82A92F19C00303014 /* Task */,
				DB6E1EDD2A876E030070D80E /* Members */,
			);
			path = VC;
			sourceTree = "<group>";
		};
		DB0081382A74B79700212FD4 /* Auth */ = {
			isa = PBXGroup;
			children = (
				DB0081142A74B4D500212FD4 /* SplashVC.swift */,
				DB00813D2A74BA5300212FD4 /* LoginVC.swift */,
				DBEC14612AA079BC00F2F28F /* ProfileVC.swift */,
			);
			path = Auth;
			sourceTree = "<group>";
		};
		DB0081392A74B7A000212FD4 /* Views */ = {
			isa = PBXGroup;
			children = (
				DB0081032A74B43700212FD4 /* Main.storyboard */,
				DB2823F22A80DFF90016324D /* Admin.storyboard */,
				DB6E1EDB2A876DFB0070D80E /* Members.storyboard */,
				DB00810B2A74B43800212FD4 /* LaunchScreen.storyboard */,
				3A2BE5E62A92E6E700303014 /* Task.storyboard */,
				DB2823FC2A80EC060016324D /* HeadingTextField.swift */,
			);
			path = Views;
			sourceTree = "<group>";
		};
		DB00813A2A74B83C00212FD4 /* Resources */ = {
			isa = PBXGroup;
			children = (
				DB0081092A74B43800212FD4 /* Assets.xcassets */,
				DB00813B2A74B85400212FD4 /* Colors.xcassets */,
			);
			path = Resources;
			sourceTree = "<group>";
		};
		DB0081412A74D9CC00212FD4 /* Admin */ = {
			isa = PBXGroup;
			children = (
				DB6E1EE02A876E910070D80E /* Home */,
				DB2823F42A80E0580016324D /* Clients */,
				DBEC145E2AA068C200F2F28F /* Projects */,
			);
			path = Admin;
			sourceTree = "<group>";
		};
		DB2823F42A80E0580016324D /* Clients */ = {
			isa = PBXGroup;
			children = (
				DB2823F02A80DF0E0016324D /* ClientsVC.swift */,
				DB2823FA2A80E7770016324D /* ClientInfoVC.swift */,
				DB2823F92A80E2940016324D /* Cell */,
			);
			path = Clients;
			sourceTree = "<group>";
		};
		DB2823F92A80E2940016324D /* Cell */ = {
			isa = PBXGroup;
			children = (
				DB2823F52A80E28F0016324D /* ClientsCell.swift */,
				DB2823F62A80E28F0016324D /* ClientsCell.xib */,
			);
			path = Cell;
			sourceTree = "<group>";
		};
		DB38252B2A80C65D008D9EB4 /* Cell */ = {
			isa = PBXGroup;
			children = (
				DB3825272A80C656008D9EB4 /* AdminHomeCollCell.swift */,
				DB3825282A80C656008D9EB4 /* AdminHomeCollCell.xib */,
			);
			path = Cell;
			sourceTree = "<group>";
		};
		DB6E1EDD2A876E030070D80E /* Members */ = {
			isa = PBXGroup;
			children = (
				3A2BE5E02A9286CC00303014 /* CreateClient */,
				3A7ED3D82A8F15EC00D3E472 /* Home */,
				3A7ED3CE2A8BB8F200D3E472 /* TeamMember */,
				3A4564152A90F70F0048F2CF /* SideMenuCell */,
				3A29CCB02A8B948000CCD188 /* CreateVC.swift */,
				3A4564132A8F7E140048F2CF /* CreateTeamVC.swift */,
				3ACFA8B32A910612009A6467 /* ClientInformationVC.swift */,
			);
			path = Members;
			sourceTree = "<group>";
		};
		DB6E1EE02A876E910070D80E /* Home */ = {
			isa = PBXGroup;
			children = (
				DB00813F2A74D9C900212FD4 /* AdminHomeVC.swift */,
				DB38252B2A80C65D008D9EB4 /* Cell */,
			);
			path = Home;
			sourceTree = "<group>";
		};
		DBEC145B2AA0481C00F2F28F /* Models */ = {
			isa = PBXGroup;
			children = (
				DBEC145C2AA0483A00F2F28F /* Role.swift */,
			);
			path = Models;
			sourceTree = "<group>";
		};
		DBEC145E2AA068C200F2F28F /* Projects */ = {
			isa = PBXGroup;
			children = (
				DBEC145F2AA06C3000F2F28F /* ProjectsVC.swift */,
			);
			path = Projects;
			sourceTree = "<group>";
		};
/* End PBXGroup section */

/* Begin PBXNativeTarget section */
		DB0080F92A74B43700212FD4 /* 1Tech PMS */ = {
			isa = PBXNativeTarget;
			buildConfigurationList = DB0081112A74B43800212FD4 /* Build configuration list for PBXNativeTarget "1Tech PMS" */;
			buildPhases = (
				DB0080F62A74B43700212FD4 /* Sources */,
				DB0080F72A74B43700212FD4 /* Frameworks */,
				DB0080F82A74B43700212FD4 /* Resources */,
			);
			buildRules = (
			);
			dependencies = (
			);
			name = "1Tech PMS";
			packageProductDependencies = (
				DB00812C2A74B73A00212FD4 /* IQKeyboardManagerSwift */,
				DB00812F2A74B75500212FD4 /* NotificationBannerSwift */,
			);
			productName = "1Tech PMS";
			productReference = DB0080FA2A74B43700212FD4 /* 1Tech PMS.app */;
			productType = "com.apple.product-type.application";
		};
/* End PBXNativeTarget section */

/* Begin PBXProject section */
		DB0080F22A74B43700212FD4 /* Project object */ = {
			isa = PBXProject;
			attributes = {
				BuildIndependentTargetsInParallel = 1;
				LastSwiftUpdateCheck = 1430;
				LastUpgradeCheck = 1430;
				TargetAttributes = {
					DB0080F92A74B43700212FD4 = {
						CreatedOnToolsVersion = 14.3.1;
					};
				};
			};
			buildConfigurationList = DB0080F52A74B43700212FD4 /* Build configuration list for PBXProject "1Tech PMS" */;
			compatibilityVersion = "Xcode 14.0";
			developmentRegion = en;
			hasScannedForEncodings = 0;
			knownRegions = (
				en,
				Base,
			);
			mainGroup = DB0080F12A74B43700212FD4;
			packageReferences = (
				DB00812B2A74B73A00212FD4 /* XCRemoteSwiftPackageReference "IQKeyboardManager" */,
				DB00812E2A74B75500212FD4 /* XCRemoteSwiftPackageReference "NotificationBanner" */,
			);
			productRefGroup = DB0080FB2A74B43700212FD4 /* Products */;
			projectDirPath = "";
			projectRoot = "";
			targets = (
				DB0080F92A74B43700212FD4 /* 1Tech PMS */,
			);
		};
/* End PBXProject section */

/* Begin PBXResourcesBuildPhase section */
		DB0080F82A74B43700212FD4 /* Resources */ = {
			isa = PBXResourcesBuildPhase;
			buildActionMask = 2147483647;
			files = (
				3A7ED3D32A8BB96E00D3E472 /* MemberCell.xib in Resources */,
				DB00810D2A74B43800212FD4 /* LaunchScreen.storyboard in Resources */,
				3A2BE5F42A97561800303014 /* TaskTitleCell.xib in Resources */,
				3A2BE6172A99F27300303014 /* BoardsCell.xib in Resources */,
				DB00813C2A74B85400212FD4 /* Colors.xcassets in Resources */,
				3A2BE5E72A92E6E700303014 /* Task.storyboard in Resources */,
				3A7ED3E12A8F1E5400D3E472 /* MemberHomeHeaderCell.xib in Resources */,
				DB2823F82A80E28F0016324D /* ClientsCell.xib in Resources */,
				DB00810A2A74B43800212FD4 /* Assets.xcassets in Resources */,
				3A2BE6022A9774ED00303014 /* TasksCell.xib in Resources */,
				DB6E1EDC2A876DFB0070D80E /* Members.storyboard in Resources */,
				3A7ED3DD2A8F164600D3E472 /* MembersHomeCell.xib in Resources */,
				3A2BE5F82A975AF000303014 /* TaskTodoCell.xib in Resources */,
				3A2BE5EF2A92F47000303014 /* CreateNotesCell.xib in Resources */,
				3A2BE5E52A92874100303014 /* CreateClientTemplateCell.xib in Resources */,
				DB38252A2A80C656008D9EB4 /* AdminHomeCollCell.xib in Resources */,
				3A2BE5FC2A975D4C00303014 /* TaskAttachmentsCell.xib in Resources */,
				DB2823F32A80DFF90016324D /* Admin.storyboard in Resources */,
				DB0081052A74B43700212FD4 /* Main.storyboard in Resources */,
			);
			runOnlyForDeploymentPostprocessing = 0;
		};
/* End PBXResourcesBuildPhase section */

/* Begin PBXSourcesBuildPhase section */
		DB0080F62A74B43700212FD4 /* Sources */ = {
			isa = PBXSourcesBuildPhase;
			buildActionMask = 2147483647;
			files = (
				3A7ED3D72A8BFA7500D3E472 /* ModelTeamMember.swift in Sources */,
				DB0081242A74B70B00212FD4 /* UIView.swift in Sources */,
				DB2823F12A80DF0E0016324D /* ClientsVC.swift in Sources */,
				DBEC14602AA06C3100F2F28F /* ProjectsVC.swift in Sources */,
				3ABB30FF2A9139FD008531EC /* CreateClientVC.swift in Sources */,
				3A7ED3E72A8F30D600D3E472 /* AlertControllerVC.swift in Sources */,
				DB2823FD2A80EC060016324D /* HeadingTextField.swift in Sources */,
				DB38252D2A80D055008D9EB4 /* UIImage.swift in Sources */,
				DBEC14622AA079BC00F2F28F /* ProfileVC.swift in Sources */,
				DB0081352A74B77600212FD4 /* BaseAuthVC.swift in Sources */,
				DB3825292A80C656008D9EB4 /* AdminHomeCollCell.swift in Sources */,
				DB0081272A74B70B00212FD4 /* String.swift in Sources */,
				3A2BE5F72A975AF000303014 /* TaskTodoCell.swift in Sources */,
				DB0081282A74B70B00212FD4 /* UIViewController.swift in Sources */,
				DB00813E2A74BA5300212FD4 /* LoginVC.swift in Sources */,
				DB0081262A74B70B00212FD4 /* UITextField.swift in Sources */,
				3A29CCB12A8B948000CCD188 /* CreateVC.swift in Sources */,
				3A7ED3D22A8BB96E00D3E472 /* MemberCell.swift in Sources */,
				3A2BE5FE2A97622000303014 /* ManageTaskVC.swift in Sources */,
				DB0081402A74D9C900212FD4 /* AdminHomeVC.swift in Sources */,
				3A7ED3D52A8BF9BE00D3E472 /* TeamMemberVC.swift in Sources */,
				DB0081342A74B77600212FD4 /* BaseVC.swift in Sources */,
				3A2BE5EA2A92F22C00303014 /* CreateNotesVC.swift in Sources */,
				3A2BE5DF2A92845400303014 /* ContactDataVC.swift in Sources */,
				3A2BE6162A99F27300303014 /* BoardsCell.swift in Sources */,
				DB2823FB2A80E7770016324D /* ClientInfoVC.swift in Sources */,
				3A2BE5FB2A975D4C00303014 /* TaskAttachmentsCell.swift in Sources */,
				3A4564142A8F7E140048F2CF /* CreateTeamVC.swift in Sources */,
				DB0081292A74B70B00212FD4 /* DateFormatter.swift in Sources */,
				3A7ED3DC2A8F164600D3E472 /* MembersHomeCell.swift in Sources */,
				DB0081082A74B43700212FD4 /* _Tech_PMS.xcdatamodeld in Sources */,
				3A2BE5E42A92874100303014 /* CreateClientTemplateCell.swift in Sources */,
				3A7ED3CD2A8BA72700D3E472 /* Enums.swift in Sources */,
				3A7ED3E52A8F1FA700D3E472 /* ModelMemberHome.swift in Sources */,
				3A2BE5DD2A927E2F00303014 /* BasicInfoVC.swift in Sources */,
				DB0081152A74B4D500212FD4 /* SplashVC.swift in Sources */,
				3A2BE6012A9774ED00303014 /* TasksCell.swift in Sources */,
				DB2823F72A80E28F0016324D /* ClientsCell.swift in Sources */,
				DB0081232A74B70B00212FD4 /* ToastHelper.swift in Sources */,
				DB0081252A74B70B00212FD4 /* UIColor.swift in Sources */,
				3A2BE5EE2A92F47000303014 /* CreateNotesCell.swift in Sources */,
				DB6E1EDF2A876E720070D80E /* MembersHomeVC.swift in Sources */,
				DB00812A2A74B70B00212FD4 /* UIFont.swift in Sources */,
				3ACFA8B42A910612009A6467 /* ClientInformationVC.swift in Sources */,
				3A2BE5F32A97561800303014 /* TaskTitleCell.swift in Sources */,
				DB0081432A74D9E400212FD4 /* SideMenuVC.swift in Sources */,
				DB0080FE2A74B43700212FD4 /* AppDelegate.swift in Sources */,
				3A2BE6192A99FB0400303014 /* ManageBoardsVC.swift in Sources */,
				DB0081002A74B43700212FD4 /* SceneDelegate.swift in Sources */,
				DB0081222A74B70B00212FD4 /* Constants.swift in Sources */,
				3A7ED3E02A8F1E5400D3E472 /* MemberHomeHeaderCell.swift in Sources */,
				DBEC145D2AA0483A00F2F28F /* Role.swift in Sources */,
			);
			runOnlyForDeploymentPostprocessing = 0;
		};
/* End PBXSourcesBuildPhase section */

/* Begin PBXVariantGroup section */
		DB0081032A74B43700212FD4 /* Main.storyboard */ = {
			isa = PBXVariantGroup;
			children = (
				DB0081042A74B43700212FD4 /* Base */,
			);
			name = Main.storyboard;
			sourceTree = "<group>";
		};
		DB00810B2A74B43800212FD4 /* LaunchScreen.storyboard */ = {
			isa = PBXVariantGroup;
			children = (
				DB00810C2A74B43800212FD4 /* Base */,
			);
			name = LaunchScreen.storyboard;
			sourceTree = "<group>";
		};
/* End PBXVariantGroup section */

/* Begin XCBuildConfiguration section */
		DB00810F2A74B43800212FD4 /* Debug */ = {
			isa = XCBuildConfiguration;
			buildSettings = {
				ALWAYS_SEARCH_USER_PATHS = NO;
				CLANG_ANALYZER_NONNULL = YES;
				CLANG_ANALYZER_NUMBER_OBJECT_CONVERSION = YES_AGGRESSIVE;
				CLANG_CXX_LANGUAGE_STANDARD = "gnu++20";
				CLANG_ENABLE_MODULES = YES;
				CLANG_ENABLE_OBJC_ARC = YES;
				CLANG_ENABLE_OBJC_WEAK = YES;
				CLANG_WARN_BLOCK_CAPTURE_AUTORELEASING = YES;
				CLANG_WARN_BOOL_CONVERSION = YES;
				CLANG_WARN_COMMA = YES;
				CLANG_WARN_CONSTANT_CONVERSION = YES;
				CLANG_WARN_DEPRECATED_OBJC_IMPLEMENTATIONS = YES;
				CLANG_WARN_DIRECT_OBJC_ISA_USAGE = YES_ERROR;
				CLANG_WARN_DOCUMENTATION_COMMENTS = YES;
				CLANG_WARN_EMPTY_BODY = YES;
				CLANG_WARN_ENUM_CONVERSION = YES;
				CLANG_WARN_INFINITE_RECURSION = YES;
				CLANG_WARN_INT_CONVERSION = YES;
				CLANG_WARN_NON_LITERAL_NULL_CONVERSION = YES;
				CLANG_WARN_OBJC_IMPLICIT_RETAIN_SELF = YES;
				CLANG_WARN_OBJC_LITERAL_CONVERSION = YES;
				CLANG_WARN_OBJC_ROOT_CLASS = YES_ERROR;
				CLANG_WARN_QUOTED_INCLUDE_IN_FRAMEWORK_HEADER = YES;
				CLANG_WARN_RANGE_LOOP_ANALYSIS = YES;
				CLANG_WARN_STRICT_PROTOTYPES = YES;
				CLANG_WARN_SUSPICIOUS_MOVE = YES;
				CLANG_WARN_UNGUARDED_AVAILABILITY = YES_AGGRESSIVE;
				CLANG_WARN_UNREACHABLE_CODE = YES;
				CLANG_WARN__DUPLICATE_METHOD_MATCH = YES;
				COPY_PHASE_STRIP = NO;
				DEBUG_INFORMATION_FORMAT = dwarf;
				ENABLE_STRICT_OBJC_MSGSEND = YES;
				ENABLE_TESTABILITY = YES;
				GCC_C_LANGUAGE_STANDARD = gnu11;
				GCC_DYNAMIC_NO_PIC = NO;
				GCC_NO_COMMON_BLOCKS = YES;
				GCC_OPTIMIZATION_LEVEL = 0;
				GCC_PREPROCESSOR_DEFINITIONS = (
					"DEBUG=1",
					"$(inherited)",
				);
				GCC_WARN_64_TO_32_BIT_CONVERSION = YES;
				GCC_WARN_ABOUT_RETURN_TYPE = YES_ERROR;
				GCC_WARN_UNDECLARED_SELECTOR = YES;
				GCC_WARN_UNINITIALIZED_AUTOS = YES_AGGRESSIVE;
				GCC_WARN_UNUSED_FUNCTION = YES;
				GCC_WARN_UNUSED_VARIABLE = YES;
				IPHONEOS_DEPLOYMENT_TARGET = 16.4;
				MTL_ENABLE_DEBUG_INFO = INCLUDE_SOURCE;
				MTL_FAST_MATH = YES;
				ONLY_ACTIVE_ARCH = YES;
				SDKROOT = iphoneos;
				SWIFT_ACTIVE_COMPILATION_CONDITIONS = DEBUG;
				SWIFT_OPTIMIZATION_LEVEL = "-Onone";
			};
			name = Debug;
		};
		DB0081102A74B43800212FD4 /* Release */ = {
			isa = XCBuildConfiguration;
			buildSettings = {
				ALWAYS_SEARCH_USER_PATHS = NO;
				CLANG_ANALYZER_NONNULL = YES;
				CLANG_ANALYZER_NUMBER_OBJECT_CONVERSION = YES_AGGRESSIVE;
				CLANG_CXX_LANGUAGE_STANDARD = "gnu++20";
				CLANG_ENABLE_MODULES = YES;
				CLANG_ENABLE_OBJC_ARC = YES;
				CLANG_ENABLE_OBJC_WEAK = YES;
				CLANG_WARN_BLOCK_CAPTURE_AUTORELEASING = YES;
				CLANG_WARN_BOOL_CONVERSION = YES;
				CLANG_WARN_COMMA = YES;
				CLANG_WARN_CONSTANT_CONVERSION = YES;
				CLANG_WARN_DEPRECATED_OBJC_IMPLEMENTATIONS = YES;
				CLANG_WARN_DIRECT_OBJC_ISA_USAGE = YES_ERROR;
				CLANG_WARN_DOCUMENTATION_COMMENTS = YES;
				CLANG_WARN_EMPTY_BODY = YES;
				CLANG_WARN_ENUM_CONVERSION = YES;
				CLANG_WARN_INFINITE_RECURSION = YES;
				CLANG_WARN_INT_CONVERSION = YES;
				CLANG_WARN_NON_LITERAL_NULL_CONVERSION = YES;
				CLANG_WARN_OBJC_IMPLICIT_RETAIN_SELF = YES;
				CLANG_WARN_OBJC_LITERAL_CONVERSION = YES;
				CLANG_WARN_OBJC_ROOT_CLASS = YES_ERROR;
				CLANG_WARN_QUOTED_INCLUDE_IN_FRAMEWORK_HEADER = YES;
				CLANG_WARN_RANGE_LOOP_ANALYSIS = YES;
				CLANG_WARN_STRICT_PROTOTYPES = YES;
				CLANG_WARN_SUSPICIOUS_MOVE = YES;
				CLANG_WARN_UNGUARDED_AVAILABILITY = YES_AGGRESSIVE;
				CLANG_WARN_UNREACHABLE_CODE = YES;
				CLANG_WARN__DUPLICATE_METHOD_MATCH = YES;
				COPY_PHASE_STRIP = NO;
				DEBUG_INFORMATION_FORMAT = "dwarf-with-dsym";
				ENABLE_NS_ASSERTIONS = NO;
				ENABLE_STRICT_OBJC_MSGSEND = YES;
				GCC_C_LANGUAGE_STANDARD = gnu11;
				GCC_NO_COMMON_BLOCKS = YES;
				GCC_WARN_64_TO_32_BIT_CONVERSION = YES;
				GCC_WARN_ABOUT_RETURN_TYPE = YES_ERROR;
				GCC_WARN_UNDECLARED_SELECTOR = YES;
				GCC_WARN_UNINITIALIZED_AUTOS = YES_AGGRESSIVE;
				GCC_WARN_UNUSED_FUNCTION = YES;
				GCC_WARN_UNUSED_VARIABLE = YES;
				IPHONEOS_DEPLOYMENT_TARGET = 16.4;
				MTL_ENABLE_DEBUG_INFO = NO;
				MTL_FAST_MATH = YES;
				SDKROOT = iphoneos;
				SWIFT_COMPILATION_MODE = wholemodule;
				SWIFT_OPTIMIZATION_LEVEL = "-O";
				VALIDATE_PRODUCT = YES;
			};
			name = Release;
		};
		DB0081122A74B43800212FD4 /* Debug */ = {
			isa = XCBuildConfiguration;
			buildSettings = {
				ASSETCATALOG_COMPILER_APPICON_NAME = AppIcon;
				ASSETCATALOG_COMPILER_GLOBAL_ACCENT_COLOR_NAME = AccentColor;
				CODE_SIGN_STYLE = Automatic;
				CURRENT_PROJECT_VERSION = 1;
				DEVELOPMENT_TEAM = "";
				GENERATE_INFOPLIST_FILE = YES;
				INFOPLIST_FILE = "1Tech PMS/Info.plist";
				INFOPLIST_KEY_UIApplicationSupportsIndirectInputEvents = YES;
				INFOPLIST_KEY_UILaunchStoryboardName = LaunchScreen;
				INFOPLIST_KEY_UIMainStoryboardFile = Main;
				INFOPLIST_KEY_UIRequiresFullScreen = YES;
				INFOPLIST_KEY_UIStatusBarStyle = "";
				INFOPLIST_KEY_UISupportedInterfaceOrientations = UIInterfaceOrientationPortrait;
				INFOPLIST_KEY_UISupportedInterfaceOrientations_iPad = "UIInterfaceOrientationPortrait UIInterfaceOrientationPortraitUpsideDown";
				INFOPLIST_KEY_UIUserInterfaceStyle = Light;
				IPHONEOS_DEPLOYMENT_TARGET = 16.1;
				LD_RUNPATH_SEARCH_PATHS = (
					"$(inherited)",
					"@executable_path/Frameworks",
				);
				MARKETING_VERSION = 1.0;
				PRODUCT_BUNDLE_IDENTIFIER = "com.atikin.test.-Tech-PMS";
				PRODUCT_NAME = "$(TARGET_NAME)";
				SWIFT_EMIT_LOC_STRINGS = YES;
				SWIFT_VERSION = 5.0;
				TARGETED_DEVICE_FAMILY = "1,2";
			};
			name = Debug;
		};
		DB0081132A74B43800212FD4 /* Release */ = {
			isa = XCBuildConfiguration;
			buildSettings = {
				ASSETCATALOG_COMPILER_APPICON_NAME = AppIcon;
				ASSETCATALOG_COMPILER_GLOBAL_ACCENT_COLOR_NAME = AccentColor;
				CODE_SIGN_STYLE = Automatic;
				CURRENT_PROJECT_VERSION = 1;
				DEVELOPMENT_TEAM = "";
				GENERATE_INFOPLIST_FILE = YES;
				INFOPLIST_FILE = "1Tech PMS/Info.plist";
				INFOPLIST_KEY_UIApplicationSupportsIndirectInputEvents = YES;
				INFOPLIST_KEY_UILaunchStoryboardName = LaunchScreen;
				INFOPLIST_KEY_UIMainStoryboardFile = Main;
				INFOPLIST_KEY_UIRequiresFullScreen = YES;
				INFOPLIST_KEY_UIStatusBarStyle = "";
				INFOPLIST_KEY_UISupportedInterfaceOrientations = UIInterfaceOrientationPortrait;
				INFOPLIST_KEY_UISupportedInterfaceOrientations_iPad = "UIInterfaceOrientationPortrait UIInterfaceOrientationPortraitUpsideDown";
				INFOPLIST_KEY_UIUserInterfaceStyle = Light;
				IPHONEOS_DEPLOYMENT_TARGET = 16.1;
				LD_RUNPATH_SEARCH_PATHS = (
					"$(inherited)",
					"@executable_path/Frameworks",
				);
				MARKETING_VERSION = 1.0;
				PRODUCT_BUNDLE_IDENTIFIER = "com.atikin.test.-Tech-PMS";
				PRODUCT_NAME = "$(TARGET_NAME)";
				SWIFT_EMIT_LOC_STRINGS = YES;
				SWIFT_VERSION = 5.0;
				TARGETED_DEVICE_FAMILY = "1,2";
			};
			name = Release;
		};
/* End XCBuildConfiguration section */

/* Begin XCConfigurationList section */
		DB0080F52A74B43700212FD4 /* Build configuration list for PBXProject "1Tech PMS" */ = {
			isa = XCConfigurationList;
			buildConfigurations = (
				DB00810F2A74B43800212FD4 /* Debug */,
				DB0081102A74B43800212FD4 /* Release */,
			);
			defaultConfigurationIsVisible = 0;
			defaultConfigurationName = Release;
		};
		DB0081112A74B43800212FD4 /* Build configuration list for PBXNativeTarget "1Tech PMS" */ = {
			isa = XCConfigurationList;
			buildConfigurations = (
				DB0081122A74B43800212FD4 /* Debug */,
				DB0081132A74B43800212FD4 /* Release */,
			);
			defaultConfigurationIsVisible = 0;
			defaultConfigurationName = Release;
		};
/* End XCConfigurationList section */

/* Begin XCRemoteSwiftPackageReference section */
		DB00812B2A74B73A00212FD4 /* XCRemoteSwiftPackageReference "IQKeyboardManager" */ = {
			isa = XCRemoteSwiftPackageReference;
			repositoryURL = "https://github.com/hackiftekhar/IQKeyboardManager.git";
			requirement = {
				kind = upToNextMajorVersion;
				minimumVersion = 6.0.0;
			};
		};
		DB00812E2A74B75500212FD4 /* XCRemoteSwiftPackageReference "NotificationBanner" */ = {
			isa = XCRemoteSwiftPackageReference;
			repositoryURL = "https://github.com/Daltron/NotificationBanner";
			requirement = {
				kind = upToNextMajorVersion;
				minimumVersion = 3.0.0;
			};
		};
/* End XCRemoteSwiftPackageReference section */

/* Begin XCSwiftPackageProductDependency section */
		DB00812C2A74B73A00212FD4 /* IQKeyboardManagerSwift */ = {
			isa = XCSwiftPackageProductDependency;
			package = DB00812B2A74B73A00212FD4 /* XCRemoteSwiftPackageReference "IQKeyboardManager" */;
			productName = IQKeyboardManagerSwift;
		};
		DB00812F2A74B75500212FD4 /* NotificationBannerSwift */ = {
			isa = XCSwiftPackageProductDependency;
			package = DB00812E2A74B75500212FD4 /* XCRemoteSwiftPackageReference "NotificationBanner" */;
			productName = NotificationBannerSwift;
		};
/* End XCSwiftPackageProductDependency section */

/* Begin XCVersionGroup section */
		DB0081062A74B43700212FD4 /* _Tech_PMS.xcdatamodeld */ = {
			isa = XCVersionGroup;
			children = (
				DB0081072A74B43700212FD4 /* _Tech_PMS.xcdatamodel */,
			);
			currentVersion = DB0081072A74B43700212FD4 /* _Tech_PMS.xcdatamodel */;
			path = _Tech_PMS.xcdatamodeld;
			sourceTree = "<group>";
			versionGroupType = wrapper.xcdatamodel;
		};
/* End XCVersionGroup section */
	};
	rootObject = DB0080F22A74B43700212FD4 /* Project object */;
}
